{
  "name": "emotiv-nodejs-example",
  "version": "1.0.0",
  "lockfileVersion": 3,
  "requires": true,
  "packages": {
    "": {
      "version": "1.0.0",
      "license": "ISC",
      "dependencies": {
        "async-limiter": "^2.0.0",
        "ws": "^6.2.4"
      },
      "devDependencies": {}
    },
    "node_modules/async-limiter": {
      "version": "2.0.0",
      "resolved": "https://registry.npmjs.org/async-limiter/-/async-limiter-2.0.0.tgz",
      "integrity": "sha512-nyHFzvVaR+4mfHc90/VqOUQjlnk9+ioDxQfqDuqKnm3m9sIT7joVKW8dkxeaKpamMJ3MYD73t6M8PMKEWlQESQ=="
    },
    "node_modules/ws": {
      "version": "6.2.4",
      "resolved": "https://registry.npmjs.org/ws/-/ws-6.2.4.tgz",
      "integrity": "sha512-PNIUUyLI5YpkJZj60YBzX1o0ByQ4ovvfmq9N/Kig/PAYbVlGyz4R6G0SEWrD0O9acc0sT2+IdMBVLFv8FSi0Nw==",
      "license": "MIT",
      "dependencies": {
        "async-limiter": "~1.0.0"
      }
    },
    "node_modules/ws/node_modules/async-limiter": {
      "version": "1.0.1",
      "resolved": "https://registry.npmjs.org/async-limiter/-/async-limiter-1.0.1.tgz",
      "integrity": "sha512-csOlWGAcRFJaI6m+F2WKdnMKr4HhdhFVBk0H/QbJFMCr+uO2kwohwXQPxw/9OCxp05r5ghVBFSyioixx3gfkNQ=="
    }
  }
}
